{
  "version": "3",
  "packages": {
    "specifiers": {
      "jsr:@std/datetime@^0.224.3": "jsr:@std/datetime@0.224.3",
      "jsr:@std/dotenv@^0.225.0": "jsr:@std/dotenv@0.225.0",
      "jsr:@std/path@^1.0.1": "jsr:@std/path@1.0.1"
    },
    "jsr": {
      "@std/datetime@0.224.3": {
        "integrity": "43197d0b2e00444fb169275b79a3e8fa506fd65c92398a207d71fd3e69b26c5b"
      },
      "@std/dotenv@0.225.0": {
        "integrity": "44db32932c67df82790a3e6847d7007befb6cc22d71f2f3ee7b7d00e1f0d6c94"
      },
      "@std/path@1.0.1": {
        "integrity": "e061ff02c28481ca49e3a14981875c345e9fc7e973190672782cd0ac8af70428"
      }
    }
  },
  "remote": {},
  "workspace": {
    "dependencies": [
      "jsr:@std/datetime@^0.224.3",
      "jsr:@std/dotenv@^0.225.0",
      "jsr:@std/path@^1.0.1"
    ]
  }
}
